
Microsoft Visual Studio Solution File, Format Version 12.00
# Visual Studio Version 16
VisualStudioVersion = 16.0.30611.23
MinimumVisualStudioVersion = 10.0.40219.1
Project("{FAE04EC0-301F-11D3-BF4B-00C04F79EFBC}") = "MyRapid.SysEntity", "MyRapid.Client\MyRapid.SysEntity\MyRapid.SysEntity.csproj", "{BAEE478F-0283-416A-883D-3C9D00D8C706}"
EndProject
Project("{FAE04EC0-301F-11D3-BF4B-00C04F79EFBC}") = "MyRapid.SystemManager", "MyRapid.Client\MyRapid.SystemManager\MyRapid.SystemManager.csproj", "{B2A4E223-C6EA-48ED-A265-CA4D31F45B53}"
EndProject
Project("{FAE04EC0-301F-11D3-BF4B-00C04F79EFBC}") = "MyRapid.Code", "MyRapid.Client\MyRapid.Code\MyRapid.Code.csproj", "{6D0FECE0-F42C-47C7-9761-A7AE95BCFEC9}"
EndProject
Project("{FAE04EC0-301F-11D3-BF4B-00C04F79EFBC}") = "MyRapid.GlobalLocalizer", "MyRapid.Client\MyRapid.GlobalLocalizer\MyRapid.GlobalLocalizer.csproj", "{6B64BFBB-6AA5-45E1-9E51-17F4BD85CBF4}"
EndProject
Project("{2150E333-8FDC-42A3-9474-1A3956D46DE8}") = "012 基础代码", "012 基础代码", "{E54BBBE2-ED08-494C-86E9-C406DC870A55}"
EndProject
Project("{2150E333-8FDC-42A3-9474-1A3956D46DE8}") = "014 底层控件", "014 底层控件", "{2166C205-2868-4BBD-A1CD-C5AD64ADEC67}"
EndProject
Project("{2150E333-8FDC-42A3-9474-1A3956D46DE8}") = "010 系统对象", "010 系统对象", "{11472B18-4989-493E-9C71-9F0AC1C84A73}"
EndProject
Project("{2150E333-8FDC-42A3-9474-1A3956D46DE8}") = "013 服务代理", "013 服务代理", "{25B4E796-A7C5-4D7A-AC02-47C5739CBCFF}"
EndProject
Project("{2150E333-8FDC-42A3-9474-1A3956D46DE8}") = "015 上层应用", "015 上层应用", "{818A251A-A0DC-4D90-833F-EFA0AFAAA760}"
EndProject
Project("{2150E333-8FDC-42A3-9474-1A3956D46DE8}") = "016 扩展工具", "016 扩展工具", "{7E69D889-AF5F-418A-8CA5-9FADFDE066C7}"
EndProject
Project("{2150E333-8FDC-42A3-9474-1A3956D46DE8}") = "017 功能测试", "017 功能测试", "{27A1A3C1-CE60-4123-B78E-35519EDC02CA}"
EndProject
Project("{2150E333-8FDC-42A3-9474-1A3956D46DE8}") = "01 客户端", "01 客户端", "{C1C1B852-5706-4265-88B4-F947F0EB23CE}"
EndProject
Project("{2150E333-8FDC-42A3-9474-1A3956D46DE8}") = "02 服务端", "02 服务端", "{0165E341-C7D3-4D3D-ABFC-E16B51079836}"
EndProject
Project("{FAE04EC0-301F-11D3-BF4B-00C04F79EFBC}") = "MyRapid.Client", "MyRapid.Client\MyRapid.Client\MyRapid.Client.csproj", "{12D6453C-3176-47DC-996F-EFF087E84AA4}"
EndProject
Project("{FAE04EC0-301F-11D3-BF4B-00C04F79EFBC}") = "MyRapid.Base", "MyRapid.Client\MyRapid.Base\MyRapid.Base.csproj", "{29261D53-5142-4A3A-AF82-9427A099D052}"
EndProject
Project("{FAE04EC0-301F-11D3-BF4B-00C04F79EFBC}") = "MyRapid.Proxy", "MyRapid.Client\MyRapid.Proxy\MyRapid.Proxy.csproj", "{6536D6DA-B513-4ED2-A680-80F3251951A8}"
EndProject
Project("{FAE04EC0-301F-11D3-BF4B-00C04F79EFBC}") = "MyRapid.Launcher", "MyRapid.Client\MyRapid.Launcher\MyRapid.Launcher.csproj", "{4F373217-901D-4776-9678-BBAAB3DD52E5}"
EndProject
Project("{FAE04EC0-301F-11D3-BF4B-00C04F79EFBC}") = "MyRapid.Host", "MyRapid.Server\MyRapid.Host\MyRapid.Host.csproj", "{6DB8D08C-F2A2-4E59-9001-E78CD7D30E2E}"
EndProject
Project("{FAE04EC0-301F-11D3-BF4B-00C04F79EFBC}") = "MyRapid.Server", "MyRapid.Server\MyRapid.Server\MyRapid.Server.csproj", "{12013187-9C08-4F45-A404-922A9D10F652}"
EndProject
Project("{FAE04EC0-301F-11D3-BF4B-00C04F79EFBC}") = "ScintillaNET", "MyRapid.Client\ScintillaNET\ScintillaNET.csproj", "{22AE2386-60F1-476E-9303-61CDB0AAC4CF}"
EndProject
Project("{FAE04EC0-301F-11D3-BF4B-00C04F79EFBC}") = "WindowsFormsApp1", "WindowsFormsApp1\WindowsFormsApp1.csproj", "{8D90C95D-172B-445A-BD78-96CCB6CCCA4D}"
EndProject
Global
	GlobalSection(SolutionConfigurationPlatforms) = preSolution
		Debug|Any CPU = Debug|Any CPU
		Debug|x86 = Debug|x86
		Release|Any CPU = Release|Any CPU
		Release|x86 = Release|x86
		Signed|Any CPU = Signed|Any CPU
		Signed|x86 = Signed|x86
	EndGlobalSection
	GlobalSection(ProjectConfigurationPlatforms) = postSolution
		{BAEE478F-0283-416A-883D-3C9D00D8C706}.Debug|Any CPU.ActiveCfg = Debug|Any CPU
		{BAEE478F-0283-416A-883D-3C9D00D8C706}.Debug|Any CPU.Build.0 = Debug|Any CPU
		{BAEE478F-0283-416A-883D-3C9D00D8C706}.Debug|x86.ActiveCfg = Debug|Any CPU
		{BAEE478F-0283-416A-883D-3C9D00D8C706}.Debug|x86.Build.0 = Debug|Any CPU
		{BAEE478F-0283-416A-883D-3C9D00D8C706}.Release|Any CPU.ActiveCfg = Release|Any CPU
		{BAEE478F-0283-416A-883D-3C9D00D8C706}.Release|Any CPU.Build.0 = Release|Any CPU
		{BAEE478F-0283-416A-883D-3C9D00D8C706}.Release|x86.ActiveCfg = Release|Any CPU
		{BAEE478F-0283-416A-883D-3C9D00D8C706}.Release|x86.Build.0 = Release|Any CPU
		{BAEE478F-0283-416A-883D-3C9D00D8C706}.Signed|Any CPU.ActiveCfg = Release|Any CPU
		{BAEE478F-0283-416A-883D-3C9D00D8C706}.Signed|Any CPU.Build.0 = Release|Any CPU
		{BAEE478F-0283-416A-883D-3C9D00D8C706}.Signed|x86.ActiveCfg = Release|Any CPU
		{BAEE478F-0283-416A-883D-3C9D00D8C706}.Signed|x86.Build.0 = Release|Any CPU
		{B2A4E223-C6EA-48ED-A265-CA4D31F45B53}.Debug|Any CPU.ActiveCfg = Debug|Any CPU
		{B2A4E223-C6EA-48ED-A265-CA4D31F45B53}.Debug|Any CPU.Build.0 = Debug|Any CPU
		{B2A4E223-C6EA-48ED-A265-CA4D31F45B53}.Debug|x86.ActiveCfg = Debug|Any CPU
		{B2A4E223-C6EA-48ED-A265-CA4D31F45B53}.Debug|x86.Build.0 = Debug|Any CPU
		{B2A4E223-C6EA-48ED-A265-CA4D31F45B53}.Release|Any CPU.ActiveCfg = Release|Any CPU
		{B2A4E223-C6EA-48ED-A265-CA4D31F45B53}.Release|Any CPU.Build.0 = Release|Any CPU
		{B2A4E223-C6EA-48ED-A265-CA4D31F45B53}.Release|x86.ActiveCfg = Release|Any CPU
		{B2A4E223-C6EA-48ED-A265-CA4D31F45B53}.Release|x86.Build.0 = Release|Any CPU
		{B2A4E223-C6EA-48ED-A265-CA4D31F45B53}.Signed|Any CPU.ActiveCfg = Release|Any CPU
		{B2A4E223-C6EA-48ED-A265-CA4D31F45B53}.Signed|Any CPU.Build.0 = Release|Any CPU
		{B2A4E223-C6EA-48ED-A265-CA4D31F45B53}.Signed|x86.ActiveCfg = Release|Any CPU
		{B2A4E223-C6EA-48ED-A265-CA4D31F45B53}.Signed|x86.Build.0 = Release|Any CPU
		{6D0FECE0-F42C-47C7-9761-A7AE95BCFEC9}.Debug|Any CPU.ActiveCfg = Debug|Any CPU
		{6D0FECE0-F42C-47C7-9761-A7AE95BCFEC9}.Debug|Any CPU.Build.0 = Debug|Any CPU
		{6D0FECE0-F42C-47C7-9761-A7AE95BCFEC9}.Debug|x86.ActiveCfg = Debug|Any CPU
		{6D0FECE0-F42C-47C7-9761-A7AE95BCFEC9}.Debug|x86.Build.0 = Debug|Any CPU
		{6D0FECE0-F42C-47C7-9761-A7AE95BCFEC9}.Release|Any CPU.ActiveCfg = Release|Any CPU
		{6D0FECE0-F42C-47C7-9761-A7AE95BCFEC9}.Release|Any CPU.Build.0 = Release|Any CPU
		{6D0FECE0-F42C-47C7-9761-A7AE95BCFEC9}.Release|x86.ActiveCfg = Release|Any CPU
		{6D0FECE0-F42C-47C7-9761-A7AE95BCFEC9}.Release|x86.Build.0 = Release|Any CPU
		{6D0FECE0-F42C-47C7-9761-A7AE95BCFEC9}.Signed|Any CPU.ActiveCfg = Release|Any CPU
		{6D0FECE0-F42C-47C7-9761-A7AE95BCFEC9}.Signed|Any CPU.Build.0 = Release|Any CPU
		{6D0FECE0-F42C-47C7-9761-A7AE95BCFEC9}.Signed|x86.ActiveCfg = Release|Any CPU
		{6D0FECE0-F42C-47C7-9761-A7AE95BCFEC9}.Signed|x86.Build.0 = Release|Any CPU
		{6B64BFBB-6AA5-45E1-9E51-17F4BD85CBF4}.Debug|Any CPU.ActiveCfg = Debug|Any CPU
		{6B64BFBB-6AA5-45E1-9E51-17F4BD85CBF4}.Debug|Any CPU.Build.0 = Debug|Any CPU
		{6B64BFBB-6AA5-45E1-9E51-17F4BD85CBF4}.Debug|x86.ActiveCfg = Debug|Any CPU
		{6B64BFBB-6AA5-45E1-9E51-17F4BD85CBF4}.Debug|x86.Build.0 = Debug|Any CPU
		{6B64BFBB-6AA5-45E1-9E51-17F4BD85CBF4}.Release|Any CPU.ActiveCfg = Release|Any CPU
		{6B64BFBB-6AA5-45E1-9E51-17F4BD85CBF4}.Release|Any CPU.Build.0 = Release|Any CPU
		{6B64BFBB-6AA5-45E1-9E51-17F4BD85CBF4}.Release|x86.ActiveCfg = Release|Any CPU
		{6B64BFBB-6AA5-45E1-9E51-17F4BD85CBF4}.Release|x86.Build.0 = Release|Any CPU
		{6B64BFBB-6AA5-45E1-9E51-17F4BD85CBF4}.Signed|Any CPU.ActiveCfg = Release|Any CPU
		{6B64BFBB-6AA5-45E1-9E51-17F4BD85CBF4}.Signed|Any CPU.Build.0 = Release|Any CPU
		{6B64BFBB-6AA5-45E1-9E51-17F4BD85CBF4}.Signed|x86.ActiveCfg = Release|Any CPU
		{6B64BFBB-6AA5-45E1-9E51-17F4BD85CBF4}.Signed|x86.Build.0 = Release|Any CPU
		{12D6453C-3176-47DC-996F-EFF087E84AA4}.Debug|Any CPU.ActiveCfg = Debug|Any CPU
		{12D6453C-3176-47DC-996F-EFF087E84AA4}.Debug|Any CPU.Build.0 = Debug|Any CPU
		{12D6453C-3176-47DC-996F-EFF087E84AA4}.Debug|x86.ActiveCfg = Debug|Any CPU
		{12D6453C-3176-47DC-996F-EFF087E84AA4}.Debug|x86.Build.0 = Debug|Any CPU
		{12D6453C-3176-47DC-996F-EFF087E84AA4}.Release|Any CPU.ActiveCfg = Release|Any CPU
		{12D6453C-3176-47DC-996F-EFF087E84AA4}.Release|Any CPU.Build.0 = Release|Any CPU
		{12D6453C-3176-47DC-996F-EFF087E84AA4}.Release|x86.ActiveCfg = Release|Any CPU
		{12D6453C-3176-47DC-996F-EFF087E84AA4}.Release|x86.Build.0 = Release|Any CPU
		{12D6453C-3176-47DC-996F-EFF087E84AA4}.Signed|Any CPU.ActiveCfg = Debug|Any CPU
		{12D6453C-3176-47DC-996F-EFF087E84AA4}.Signed|Any CPU.Build.0 = Debug|Any CPU
		{12D6453C-3176-47DC-996F-EFF087E84AA4}.Signed|x86.ActiveCfg = Debug|Any CPU
		{12D6453C-3176-47DC-996F-EFF087E84AA4}.Signed|x86.Build.0 = Debug|Any CPU
		{29261D53-5142-4A3A-AF82-9427A099D052}.Debug|Any CPU.ActiveCfg = Debug|Any CPU
		{29261D53-5142-4A3A-AF82-9427A099D052}.Debug|Any CPU.Build.0 = Debug|Any CPU
		{29261D53-5142-4A3A-AF82-9427A099D052}.Debug|x86.ActiveCfg = Debug|Any CPU
		{29261D53-5142-4A3A-AF82-9427A099D052}.Debug|x86.Build.0 = Debug|Any CPU
		{29261D53-5142-4A3A-AF82-9427A099D052}.Release|Any CPU.ActiveCfg = Release|Any CPU
		{29261D53-5142-4A3A-AF82-9427A099D052}.Release|Any CPU.Build.0 = Release|Any CPU
		{29261D53-5142-4A3A-AF82-9427A099D052}.Release|x86.ActiveCfg = Release|Any CPU
		{29261D53-5142-4A3A-AF82-9427A099D052}.Release|x86.Build.0 = Release|Any CPU
		{29261D53-5142-4A3A-AF82-9427A099D052}.Signed|Any CPU.ActiveCfg = Release|Any CPU
		{29261D53-5142-4A3A-AF82-9427A099D052}.Signed|Any CPU.Build.0 = Release|Any CPU
		{29261D53-5142-4A3A-AF82-9427A099D052}.Signed|x86.ActiveCfg = Release|Any CPU
		{29261D53-5142-4A3A-AF82-9427A099D052}.Signed|x86.Build.0 = Release|Any CPU
		{6536D6DA-B513-4ED2-A680-80F3251951A8}.Debug|Any CPU.ActiveCfg = Debug|Any CPU
		{6536D6DA-B513-4ED2-A680-80F3251951A8}.Debug|Any CPU.Build.0 = Debug|Any CPU
		{6536D6DA-B513-4ED2-A680-80F3251951A8}.Debug|x86.ActiveCfg = Debug|Any CPU
		{6536D6DA-B513-4ED2-A680-80F3251951A8}.Debug|x86.Build.0 = Debug|Any CPU
		{6536D6DA-B513-4ED2-A680-80F3251951A8}.Release|Any CPU.ActiveCfg = Release|Any CPU
		{6536D6DA-B513-4ED2-A680-80F3251951A8}.Release|Any CPU.Build.0 = Release|Any CPU
		{6536D6DA-B513-4ED2-A680-80F3251951A8}.Release|x86.ActiveCfg = Release|Any CPU
		{6536D6DA-B513-4ED2-A680-80F3251951A8}.Release|x86.Build.0 = Release|Any CPU
		{6536D6DA-B513-4ED2-A680-80F3251951A8}.Signed|Any CPU.ActiveCfg = Release|Any CPU
		{6536D6DA-B513-4ED2-A680-80F3251951A8}.Signed|Any CPU.Build.0 = Release|Any CPU
		{6536D6DA-B513-4ED2-A680-80F3251951A8}.Signed|x86.ActiveCfg = Release|Any CPU
		{6536D6DA-B513-4ED2-A680-80F3251951A8}.Signed|x86.Build.0 = Release|Any CPU
		{4F373217-901D-4776-9678-BBAAB3DD52E5}.Debug|Any CPU.ActiveCfg = Debug|Any CPU
		{4F373217-901D-4776-9678-BBAAB3DD52E5}.Debug|Any CPU.Build.0 = Debug|Any CPU
		{4F373217-901D-4776-9678-BBAAB3DD52E5}.Debug|x86.ActiveCfg = Debug|Any CPU
		{4F373217-901D-4776-9678-BBAAB3DD52E5}.Debug|x86.Build.0 = Debug|Any CPU
		{4F373217-901D-4776-9678-BBAAB3DD52E5}.Release|Any CPU.ActiveCfg = Release|Any CPU
		{4F373217-901D-4776-9678-BBAAB3DD52E5}.Release|Any CPU.Build.0 = Release|Any CPU
		{4F373217-901D-4776-9678-BBAAB3DD52E5}.Release|x86.ActiveCfg = Release|Any CPU
		{4F373217-901D-4776-9678-BBAAB3DD52E5}.Release|x86.Build.0 = Release|Any CPU
		{4F373217-901D-4776-9678-BBAAB3DD52E5}.Signed|Any CPU.ActiveCfg = Release|Any CPU
		{4F373217-901D-4776-9678-BBAAB3DD52E5}.Signed|Any CPU.Build.0 = Release|Any CPU
		{4F373217-901D-4776-9678-BBAAB3DD52E5}.Signed|x86.ActiveCfg = Release|Any CPU
		{4F373217-901D-4776-9678-BBAAB3DD52E5}.Signed|x86.Build.0 = Release|Any CPU
		{6DB8D08C-F2A2-4E59-9001-E78CD7D30E2E}.Debug|Any CPU.ActiveCfg = Debug|Any CPU
		{6DB8D08C-F2A2-4E59-9001-E78CD7D30E2E}.Debug|Any CPU.Build.0 = Debug|Any CPU
		{6DB8D08C-F2A2-4E59-9001-E78CD7D30E2E}.Debug|x86.ActiveCfg = Debug|Any CPU
		{6DB8D08C-F2A2-4E59-9001-E78CD7D30E2E}.Debug|x86.Build.0 = Debug|Any CPU
		{6DB8D08C-F2A2-4E59-9001-E78CD7D30E2E}.Release|Any CPU.ActiveCfg = Release|Any CPU
		{6DB8D08C-F2A2-4E59-9001-E78CD7D30E2E}.Release|Any CPU.Build.0 = Release|Any CPU
		{6DB8D08C-F2A2-4E59-9001-E78CD7D30E2E}.Release|x86.ActiveCfg = Release|Any CPU
		{6DB8D08C-F2A2-4E59-9001-E78CD7D30E2E}.Release|x86.Build.0 = Release|Any CPU
		{6DB8D08C-F2A2-4E59-9001-E78CD7D30E2E}.Signed|Any CPU.ActiveCfg = Debug|Any CPU
		{6DB8D08C-F2A2-4E59-9001-E78CD7D30E2E}.Signed|Any CPU.Build.0 = Debug|Any CPU
		{6DB8D08C-F2A2-4E59-9001-E78CD7D30E2E}.Signed|x86.ActiveCfg = Debug|Any CPU
		{6DB8D08C-F2A2-4E59-9001-E78CD7D30E2E}.Signed|x86.Build.0 = Debug|Any CPU
		{12013187-9C08-4F45-A404-922A9D10F652}.Debug|Any CPU.ActiveCfg = Debug|Any CPU
		{12013187-9C08-4F45-A404-922A9D10F652}.Debug|Any CPU.Build.0 = Debug|Any CPU
		{12013187-9C08-4F45-A404-922A9D10F652}.Debug|x86.ActiveCfg = Debug|Any CPU
		{12013187-9C08-4F45-A404-922A9D10F652}.Debug|x86.Build.0 = Debug|Any CPU
		{12013187-9C08-4F45-A404-922A9D10F652}.Release|Any CPU.ActiveCfg = Release|Any CPU
		{12013187-9C08-4F45-A404-922A9D10F652}.Release|Any CPU.Build.0 = Release|Any CPU
		{12013187-9C08-4F45-A404-922A9D10F652}.Release|x86.ActiveCfg = Release|Any CPU
		{12013187-9C08-4F45-A404-922A9D10F652}.Release|x86.Build.0 = Release|Any CPU
		{12013187-9C08-4F45-A404-922A9D10F652}.Signed|Any CPU.ActiveCfg = Debug|Any CPU
		{12013187-9C08-4F45-A404-922A9D10F652}.Signed|Any CPU.Build.0 = Debug|Any CPU
		{12013187-9C08-4F45-A404-922A9D10F652}.Signed|x86.ActiveCfg = Debug|Any CPU
		{12013187-9C08-4F45-A404-922A9D10F652}.Signed|x86.Build.0 = Debug|Any CPU
		{22AE2386-60F1-476E-9303-61CDB0AAC4CF}.Debug|Any CPU.ActiveCfg = Debug|Any CPU
		{22AE2386-60F1-476E-9303-61CDB0AAC4CF}.Debug|Any CPU.Build.0 = Debug|Any CPU
		{22AE2386-60F1-476E-9303-61CDB0AAC4CF}.Debug|x86.ActiveCfg = Debug|Any CPU
		{22AE2386-60F1-476E-9303-61CDB0AAC4CF}.Debug|x86.Build.0 = Debug|Any CPU
		{22AE2386-60F1-476E-9303-61CDB0AAC4CF}.Release|Any CPU.ActiveCfg = Release|Any CPU
		{22AE2386-60F1-476E-9303-61CDB0AAC4CF}.Release|Any CPU.Build.0 = Release|Any CPU
		{22AE2386-60F1-476E-9303-61CDB0AAC4CF}.Release|x86.ActiveCfg = Release|Any CPU
		{22AE2386-60F1-476E-9303-61CDB0AAC4CF}.Release|x86.Build.0 = Release|Any CPU
		{22AE2386-60F1-476E-9303-61CDB0AAC4CF}.Signed|Any CPU.ActiveCfg = Signed|Any CPU
		{22AE2386-60F1-476E-9303-61CDB0AAC4CF}.Signed|Any CPU.Build.0 = Signed|Any CPU
		{22AE2386-60F1-476E-9303-61CDB0AAC4CF}.Signed|x86.ActiveCfg = Signed|Any CPU
		{22AE2386-60F1-476E-9303-61CDB0AAC4CF}.Signed|x86.Build.0 = Signed|Any CPU
		{8D90C95D-172B-445A-BD78-96CCB6CCCA4D}.Debug|Any CPU.ActiveCfg = Debug|Any CPU
		{8D90C95D-172B-445A-BD78-96CCB6CCCA4D}.Debug|Any CPU.Build.0 = Debug|Any CPU
		{8D90C95D-172B-445A-BD78-96CCB6CCCA4D}.Debug|x86.ActiveCfg = Debug|Any CPU
		{8D90C95D-172B-445A-BD78-96CCB6CCCA4D}.Debug|x86.Build.0 = Debug|Any CPU
		{8D90C95D-172B-445A-BD78-96CCB6CCCA4D}.Release|Any CPU.ActiveCfg = Release|Any CPU
		{8D90C95D-172B-445A-BD78-96CCB6CCCA4D}.Release|Any CPU.Build.0 = Release|Any CPU
		{8D90C95D-172B-445A-BD78-96CCB6CCCA4D}.Release|x86.ActiveCfg = Release|Any CPU
		{8D90C95D-172B-445A-BD78-96CCB6CCCA4D}.Release|x86.Build.0 = Release|Any CPU
		{8D90C95D-172B-445A-BD78-96CCB6CCCA4D}.Signed|Any CPU.ActiveCfg = Debug|Any CPU
		{8D90C95D-172B-445A-BD78-96CCB6CCCA4D}.Signed|Any CPU.Build.0 = Debug|Any CPU
		{8D90C95D-172B-445A-BD78-96CCB6CCCA4D}.Signed|x86.ActiveCfg = Debug|Any CPU
		{8D90C95D-172B-445A-BD78-96CCB6CCCA4D}.Signed|x86.Build.0 = Debug|Any CPU
	EndGlobalSection
	GlobalSection(SolutionProperties) = preSolution
		HideSolutionNode = FALSE
	EndGlobalSection
	GlobalSection(NestedProjects) = preSolution
		{BAEE478F-0283-416A-883D-3C9D00D8C706} = {11472B18-4989-493E-9C71-9F0AC1C84A73}
		{B2A4E223-C6EA-48ED-A265-CA4D31F45B53} = {7E69D889-AF5F-418A-8CA5-9FADFDE066C7}
		{6D0FECE0-F42C-47C7-9761-A7AE95BCFEC9} = {E54BBBE2-ED08-494C-86E9-C406DC870A55}
		{6B64BFBB-6AA5-45E1-9E51-17F4BD85CBF4} = {7E69D889-AF5F-418A-8CA5-9FADFDE066C7}
		{E54BBBE2-ED08-494C-86E9-C406DC870A55} = {C1C1B852-5706-4265-88B4-F947F0EB23CE}
		{2166C205-2868-4BBD-A1CD-C5AD64ADEC67} = {C1C1B852-5706-4265-88B4-F947F0EB23CE}
		{11472B18-4989-493E-9C71-9F0AC1C84A73} = {C1C1B852-5706-4265-88B4-F947F0EB23CE}
		{25B4E796-A7C5-4D7A-AC02-47C5739CBCFF} = {C1C1B852-5706-4265-88B4-F947F0EB23CE}
		{818A251A-A0DC-4D90-833F-EFA0AFAAA760} = {C1C1B852-5706-4265-88B4-F947F0EB23CE}
		{7E69D889-AF5F-418A-8CA5-9FADFDE066C7} = {C1C1B852-5706-4265-88B4-F947F0EB23CE}
		{27A1A3C1-CE60-4123-B78E-35519EDC02CA} = {C1C1B852-5706-4265-88B4-F947F0EB23CE}
		{12D6453C-3176-47DC-996F-EFF087E84AA4} = {818A251A-A0DC-4D90-833F-EFA0AFAAA760}
		{29261D53-5142-4A3A-AF82-9427A099D052} = {2166C205-2868-4BBD-A1CD-C5AD64ADEC67}
		{6536D6DA-B513-4ED2-A680-80F3251951A8} = {25B4E796-A7C5-4D7A-AC02-47C5739CBCFF}
		{4F373217-901D-4776-9678-BBAAB3DD52E5} = {7E69D889-AF5F-418A-8CA5-9FADFDE066C7}
		{6DB8D08C-F2A2-4E59-9001-E78CD7D30E2E} = {0165E341-C7D3-4D3D-ABFC-E16B51079836}
		{12013187-9C08-4F45-A404-922A9D10F652} = {0165E341-C7D3-4D3D-ABFC-E16B51079836}
		{22AE2386-60F1-476E-9303-61CDB0AAC4CF} = {2166C205-2868-4BBD-A1CD-C5AD64ADEC67}
		{8D90C95D-172B-445A-BD78-96CCB6CCCA4D} = {27A1A3C1-CE60-4123-B78E-35519EDC02CA}
	EndGlobalSection
	GlobalSection(ExtensibilityGlobals) = postSolution
		SolutionGuid = {C3BC5177-D1AF-438B-B5F0-A3A52F5CB962}
		BuildVersion_DetectChanges = True
		BuildVersion_StartDate = 2012/1/1
		BuildVersion_BuildVersioningStyle = YearStamp.MonthStamp.DayStamp.Increment
		BuildVersion_UpdateAssemblyVersion = True
		BuildVersion_UpdateFileVersion = True
		BuildVersion_UseGlobalSettings = True
		BuildVersion_UseUniversalClock = False
	EndGlobalSection
EndGlobal
